
Microsoft Visual Studio Solution File, Format Version 12.00
# Visual Studio Version 16
VisualStudioVersion = 16.0.31702.278
MinimumVisualStudioVersion = 10.0.40219.1
Project("{FAE04EC0-301F-11D3-BF4B-00C04F79EFBC}") = "ExercicioInterfaces", "ExercicioInterfaces\ExercicioInterfaces.csproj", "{9A83A9B9-9070-4144-9B17-3F605372F269}"
EndProject
Global
	GlobalSection(SolutionConfigurationPlatforms) = preSolution
		Debug|Any CPU = Debug|Any CPU
		Release|Any CPU = Release|Any CPU
	EndGlobalSection
	GlobalSection(ProjectConfigurationPlatforms) = postSolution
		{9A83A9B9-9070-4144-9B17-3F605372F269}.Debug|Any CPU.ActiveCfg = Debug|Any CPU
		{9A83A9B9-9070-4144-9B17-3F605372F269}.Debug|Any CPU.Build.0 = Debug|Any CPU
		{9A83A9B9-9070-4144-9B17-3F605372F269}.Release|Any CPU.ActiveCfg = Release|Any CPU
		{9A83A9B9-9070-4144-9B17-3F605372F269}.Release|Any CPU.Build.0 = Release|Any CPU
	EndGlobalSection
	GlobalSection(SolutionProperties) = preSolution
		HideSolutionNode = FALSE
	EndGlobalSection
	GlobalSection(ExtensibilityGlobals) = postSolution
		SolutionGuid = {7759FFDF-D0BB-4328-9562-886BD426B667}
	EndGlobalSection
EndGlobal
